
Microsoft Visual Studio Solution File, Format Version 12.00
# Visual Studio 14
VisualStudioVersion = 14.0.25123.0
MinimumVisualStudioVersion = 10.0.40219.1
Project("{FAE04EC0-301F-11D3-BF4B-00C04F79EFBC}") = "WebEchats", "WebEchats\WebEchats.csproj", "{0801B37D-9248-480B-984B-DB8B8AF9859E}"
EndProject
Project("{FAE04EC0-301F-11D3-BF4B-00C04F79EFBC}") = "Repeater_NHibernate", "Repeater_NHibernate\Repeater_NHibernate.csproj", "{0D853D5A-270E-4F70-A81D-5C24A7123A65}"
EndProject
Project("{FAE04EC0-301F-11D3-BF4B-00C04F79EFBC}") = "WebProgressBar", "WebProgressBar\WebProgressBar.csproj", "{95FB3B1A-72F4-4550-8C73-49AD23B3E38E}"
EndProject
Project("{FAE04EC0-301F-11D3-BF4B-00C04F79EFBC}") = "WebAppIframe", "WebAppIframe\WebAppIframe.csproj", "{CF13487D-FC6A-4F6D-9CFD-80D7B393D27D}"
EndProject
Project("{FAE04EC0-301F-11D3-BF4B-00C04F79EFBC}") = "WebApplication1", "WebApplication1\WebApplication1.csproj", "{1AC3D233-F843-4E6F-A779-4374E4022952}"
EndProject
Project("{FAE04EC0-301F-11D3-BF4B-00C04F79EFBC}") = "WebBoot", "WebBoot\WebBoot.csproj", "{EDE600EF-84DF-4D79-8795-8C664B246C5A}"
EndProject
Global
	GlobalSection(SolutionConfigurationPlatforms) = preSolution
		Debug|Any CPU = Debug|Any CPU
		Release|Any CPU = Release|Any CPU
	EndGlobalSection
	GlobalSection(ProjectConfigurationPlatforms) = postSolution
		{0801B37D-9248-480B-984B-DB8B8AF9859E}.Debug|Any CPU.ActiveCfg = Debug|Any CPU
		{0801B37D-9248-480B-984B-DB8B8AF9859E}.Debug|Any CPU.Build.0 = Debug|Any CPU
		{0801B37D-9248-480B-984B-DB8B8AF9859E}.Release|Any CPU.ActiveCfg = Release|Any CPU
		{0801B37D-9248-480B-984B-DB8B8AF9859E}.Release|Any CPU.Build.0 = Release|Any CPU
		{0D853D5A-270E-4F70-A81D-5C24A7123A65}.Debug|Any CPU.ActiveCfg = Debug|Any CPU
		{0D853D5A-270E-4F70-A81D-5C24A7123A65}.Debug|Any CPU.Build.0 = Debug|Any CPU
		{0D853D5A-270E-4F70-A81D-5C24A7123A65}.Release|Any CPU.ActiveCfg = Release|Any CPU
		{0D853D5A-270E-4F70-A81D-5C24A7123A65}.Release|Any CPU.Build.0 = Release|Any CPU
		{95FB3B1A-72F4-4550-8C73-49AD23B3E38E}.Debug|Any CPU.ActiveCfg = Debug|Any CPU
		{95FB3B1A-72F4-4550-8C73-49AD23B3E38E}.Debug|Any CPU.Build.0 = Debug|Any CPU
		{95FB3B1A-72F4-4550-8C73-49AD23B3E38E}.Release|Any CPU.ActiveCfg = Release|Any CPU
		{95FB3B1A-72F4-4550-8C73-49AD23B3E38E}.Release|Any CPU.Build.0 = Release|Any CPU
		{CF13487D-FC6A-4F6D-9CFD-80D7B393D27D}.Debug|Any CPU.ActiveCfg = Debug|Any CPU
		{CF13487D-FC6A-4F6D-9CFD-80D7B393D27D}.Debug|Any CPU.Build.0 = Debug|Any CPU
		{CF13487D-FC6A-4F6D-9CFD-80D7B393D27D}.Release|Any CPU.ActiveCfg = Release|Any CPU
		{CF13487D-FC6A-4F6D-9CFD-80D7B393D27D}.Release|Any CPU.Build.0 = Release|Any CPU
		{1AC3D233-F843-4E6F-A779-4374E4022952}.Debug|Any CPU.ActiveCfg = Debug|Any CPU
		{1AC3D233-F843-4E6F-A779-4374E4022952}.Debug|Any CPU.Build.0 = Debug|Any CPU
		{1AC3D233-F843-4E6F-A779-4374E4022952}.Release|Any CPU.ActiveCfg = Release|Any CPU
		{1AC3D233-F843-4E6F-A779-4374E4022952}.Release|Any CPU.Build.0 = Release|Any CPU
		{EDE600EF-84DF-4D79-8795-8C664B246C5A}.Debug|Any CPU.ActiveCfg = Debug|Any CPU
		{EDE600EF-84DF-4D79-8795-8C664B246C5A}.Debug|Any CPU.Build.0 = Debug|Any CPU
		{EDE600EF-84DF-4D79-8795-8C664B246C5A}.Release|Any CPU.ActiveCfg = Release|Any CPU
		{EDE600EF-84DF-4D79-8795-8C664B246C5A}.Release|Any CPU.Build.0 = Release|Any CPU
	EndGlobalSection
	GlobalSection(SolutionProperties) = preSolution
		HideSolutionNode = FALSE
	EndGlobalSection
EndGlobal
